// !$*UTF8*$!
{
	archiveVersion = 1;
	classes = {
	};
	objectVersion = 56;
	objects = {

/* Begin PBXBuildFile section */
		D3A7323129D5A84800121F48 /* SectionCell.storyboard in Resources */ = {isa = PBXBuildFile; fileRef = D3A7323029D5A84800121F48 /* SectionCell.storyboard */; };
		D3D5D53829D2B66F00AB8B63 /* AppDelegate.swift in Sources */ = {isa = PBXBuildFile; fileRef = D3D5D53729D2B66F00AB8B63 /* AppDelegate.swift */; };
		D3D5D53A29D2B66F00AB8B63 /* SceneDelegate.swift in Sources */ = {isa = PBXBuildFile; fileRef = D3D5D53929D2B66F00AB8B63 /* SceneDelegate.swift */; };
		D3D5D53F29D2B66F00AB8B63 /* Main.storyboard in Resources */ = {isa = PBXBuildFile; fileRef = D3D5D53D29D2B66F00AB8B63 /* Main.storyboard */; };
		D3D5D54129D2B67000AB8B63 /* Assets.xcassets in Resources */ = {isa = PBXBuildFile; fileRef = D3D5D54029D2B67000AB8B63 /* Assets.xcassets */; };
		D3D5D54429D2B67000AB8B63 /* LaunchScreen.storyboard in Resources */ = {isa = PBXBuildFile; fileRef = D3D5D54229D2B67000AB8B63 /* LaunchScreen.storyboard */; };
		D3D5D55029D2B78C00AB8B63 /* EpisodesModel.swift in Sources */ = {isa = PBXBuildFile; fileRef = D3D5D54F29D2B78C00AB8B63 /* EpisodesModel.swift */; };
		D3D5D55429D2BA2900AB8B63 /* MainTableViewController.swift in Sources */ = {isa = PBXBuildFile; fileRef = D3D5D55329D2BA2900AB8B63 /* MainTableViewController.swift */; };
		D3D5D55C29D2C3D200AB8B63 /* bigbang.json in Resources */ = {isa = PBXBuildFile; fileRef = D3D5D55B29D2C3D200AB8B63 /* bigbang.json */; };
		D3D5D55E29D2C53200AB8B63 /* EpisodesViewCell.swift in Sources */ = {isa = PBXBuildFile; fileRef = D3D5D55D29D2C53200AB8B63 /* EpisodesViewCell.swift */; };
		D3D5D56029D2C6AD00AB8B63 /* ModelLogic.swift in Sources */ = {isa = PBXBuildFile; fileRef = D3D5D55F29D2C6AD00AB8B63 /* ModelLogic.swift */; };
		D3D5D56229D2C6B800AB8B63 /* ModelPersistence.swift in Sources */ = {isa = PBXBuildFile; fileRef = D3D5D56129D2C6B800AB8B63 /* ModelPersistence.swift */; };
		D3D5D56529D3052900AB8B63 /* ViewLogic.swift in Sources */ = {isa = PBXBuildFile; fileRef = D3D5D56429D3052900AB8B63 /* ViewLogic.swift */; };
		D3D5D56729D310E900AB8B63 /* EpisodesDiffableDataSource.swift in Sources */ = {isa = PBXBuildFile; fileRef = D3D5D56629D310E900AB8B63 /* EpisodesDiffableDataSource.swift */; };
/* End PBXBuildFile section */

/* Begin PBXFileReference section */
		D3A7323029D5A84800121F48 /* SectionCell.storyboard */ = {isa = PBXFileReference; lastKnownFileType = file.storyboard; path = SectionCell.storyboard; sourceTree = "<group>"; };
		D3D5D53429D2B66F00AB8B63 /* BigBangTheoryApp.app */ = {isa = PBXFileReference; explicitFileType = wrapper.application; includeInIndex = 0; path = BigBangTheoryApp.app; sourceTree = BUILT_PRODUCTS_DIR; };
		D3D5D53729D2B66F00AB8B63 /* AppDelegate.swift */ = {isa = PBXFileReference; lastKnownFileType = sourcecode.swift; path = AppDelegate.swift; sourceTree = "<group>"; };
		D3D5D53929D2B66F00AB8B63 /* SceneDelegate.swift */ = {isa = PBXFileReference; lastKnownFileType = sourcecode.swift; path = SceneDelegate.swift; sourceTree = "<group>"; };
		D3D5D53E29D2B66F00AB8B63 /* Base */ = {isa = PBXFileReference; lastKnownFileType = file.storyboard; name = Base; path = Base.lproj/Main.storyboard; sourceTree = "<group>"; };
		D3D5D54029D2B67000AB8B63 /* Assets.xcassets */ = {isa = PBXFileReference; lastKnownFileType = folder.assetcatalog; path = Assets.xcassets; sourceTree = "<group>"; };
		D3D5D54329D2B67000AB8B63 /* Base */ = {isa = PBXFileReference; lastKnownFileType = file.storyboard; name = Base; path = Base.lproj/LaunchScreen.storyboard; sourceTree = "<group>"; };
		D3D5D54529D2B67000AB8B63 /* Info.plist */ = {isa = PBXFileReference; lastKnownFileType = text.plist.xml; path = Info.plist; sourceTree = "<group>"; };
		D3D5D54F29D2B78C00AB8B63 /* EpisodesModel.swift */ = {isa = PBXFileReference; lastKnownFileType = sourcecode.swift; path = EpisodesModel.swift; sourceTree = "<group>"; };
		D3D5D55329D2BA2900AB8B63 /* MainTableViewController.swift */ = {isa = PBXFileReference; lastKnownFileType = sourcecode.swift; path = MainTableViewController.swift; sourceTree = "<group>"; };
		D3D5D55B29D2C3D200AB8B63 /* bigbang.json */ = {isa = PBXFileReference; fileEncoding = 4; lastKnownFileType = text.json; path = bigbang.json; sourceTree = "<group>"; };
		D3D5D55D29D2C53200AB8B63 /* EpisodesViewCell.swift */ = {isa = PBXFileReference; lastKnownFileType = sourcecode.swift; path = EpisodesViewCell.swift; sourceTree = "<group>"; };
		D3D5D55F29D2C6AD00AB8B63 /* ModelLogic.swift */ = {isa = PBXFileReference; lastKnownFileType = sourcecode.swift; path = ModelLogic.swift; sourceTree = "<group>"; };
		D3D5D56129D2C6B800AB8B63 /* ModelPersistence.swift */ = {isa = PBXFileReference; lastKnownFileType = sourcecode.swift; path = ModelPersistence.swift; sourceTree = "<group>"; };
		D3D5D56429D3052900AB8B63 /* ViewLogic.swift */ = {isa = PBXFileReference; lastKnownFileType = sourcecode.swift; path = ViewLogic.swift; sourceTree = "<group>"; };
		D3D5D56629D310E900AB8B63 /* EpisodesDiffableDataSource.swift */ = {isa = PBXFileReference; lastKnownFileType = sourcecode.swift; path = EpisodesDiffableDataSource.swift; sourceTree = "<group>"; };
/* End PBXFileReference section */

/* Begin PBXFrameworksBuildPhase section */
		D3D5D53129D2B66F00AB8B63 /* Frameworks */ = {
			isa = PBXFrameworksBuildPhase;
			buildActionMask = 2147483647;
			files = (
			);
			runOnlyForDeploymentPostprocessing = 0;
		};
/* End PBXFrameworksBuildPhase section */

/* Begin PBXGroup section */
		D3D5D52B29D2B66F00AB8B63 = {
			isa = PBXGroup;
			children = (
				D3D5D53629D2B66F00AB8B63 /* BigBangTheoryApp */,
				D3D5D53529D2B66F00AB8B63 /* Products */,
			);
			sourceTree = "<group>";
		};
		D3D5D53529D2B66F00AB8B63 /* Products */ = {
			isa = PBXGroup;
			children = (
				D3D5D53429D2B66F00AB8B63 /* BigBangTheoryApp.app */,
			);
			name = Products;
			sourceTree = "<group>";
		};
		D3D5D53629D2B66F00AB8B63 /* BigBangTheoryApp */ = {
			isa = PBXGroup;
			children = (
				D3D5D54C29D2B6F400AB8B63 /* View */,
				D3D5D54E29D2B70800AB8B63 /* Controller */,
				D3D5D54D29D2B6FE00AB8B63 /* Model */,
				D3D5D56329D3051900AB8B63 /* Logic */,
				D3D5D55A29D2C3B900AB8B63 /* Resources */,
				D3D5D54B29D2B68600AB8B63 /* System */,
			);
			path = BigBangTheoryApp;
			sourceTree = "<group>";
		};
		D3D5D54B29D2B68600AB8B63 /* System */ = {
			isa = PBXGroup;
			children = (
				D3D5D53729D2B66F00AB8B63 /* AppDelegate.swift */,
				D3D5D53929D2B66F00AB8B63 /* SceneDelegate.swift */,
				D3D5D54029D2B67000AB8B63 /* Assets.xcassets */,
				D3D5D54229D2B67000AB8B63 /* LaunchScreen.storyboard */,
				D3D5D54529D2B67000AB8B63 /* Info.plist */,
			);
			name = System;
			sourceTree = "<group>";
		};
		D3D5D54C29D2B6F400AB8B63 /* View */ = {
			isa = PBXGroup;
			children = (
				D3D5D53D29D2B66F00AB8B63 /* Main.storyboard */,
				D3A7323029D5A84800121F48 /* SectionCell.storyboard */,
			);
			name = View;
			sourceTree = "<group>";
		};
		D3D5D54D29D2B6FE00AB8B63 /* Model */ = {
			isa = PBXGroup;
			children = (
				D3D5D54F29D2B78C00AB8B63 /* EpisodesModel.swift */,
				D3D5D55F29D2C6AD00AB8B63 /* ModelLogic.swift */,
				D3D5D56129D2C6B800AB8B63 /* ModelPersistence.swift */,
			);
			name = Model;
			sourceTree = "<group>";
		};
		D3D5D54E29D2B70800AB8B63 /* Controller */ = {
			isa = PBXGroup;
			children = (
				D3D5D55329D2BA2900AB8B63 /* MainTableViewController.swift */,
				D3D5D55D29D2C53200AB8B63 /* EpisodesViewCell.swift */,
				D3D5D56629D310E900AB8B63 /* EpisodesDiffableDataSource.swift */,
			);
			name = Controller;
			sourceTree = "<group>";
		};
		D3D5D55A29D2C3B900AB8B63 /* Resources */ = {
			isa = PBXGroup;
			children = (
				D3D5D55B29D2C3D200AB8B63 /* bigbang.json */,
			);
			name = Resources;
			sourceTree = "<group>";
		};
		D3D5D56329D3051900AB8B63 /* Logic */ = {
			isa = PBXGroup;
			children = (
				D3D5D56429D3052900AB8B63 /* ViewLogic.swift */,
			);
			name = Logic;
			sourceTree = "<group>";
		};
/* End PBXGroup section */

/* Begin PBXNativeTarget section */
		D3D5D53329D2B66F00AB8B63 /* BigBangTheoryApp */ = {
			isa = PBXNativeTarget;
			buildConfigurationList = D3D5D54829D2B67000AB8B63 /* Build configuration list for PBXNativeTarget "BigBangTheoryApp" */;
			buildPhases = (
				D3D5D53029D2B66F00AB8B63 /* Sources */,
				D3D5D53129D2B66F00AB8B63 /* Frameworks */,
				D3D5D53229D2B66F00AB8B63 /* Resources */,
			);
			buildRules = (
			);
			dependencies = (
			);
			name = BigBangTheoryApp;
			productName = BigBangTheoryApp;
			productReference = D3D5D53429D2B66F00AB8B63 /* BigBangTheoryApp.app */;
			productType = "com.apple.product-type.application";
		};
/* End PBXNativeTarget section */

/* Begin PBXProject section */
		D3D5D52C29D2B66F00AB8B63 /* Project object */ = {
			isa = PBXProject;
			attributes = {
				BuildIndependentTargetsInParallel = 1;
				LastSwiftUpdateCheck = 1430;
				LastUpgradeCheck = 1430;
				TargetAttributes = {
					D3D5D53329D2B66F00AB8B63 = {
						CreatedOnToolsVersion = 14.3;
					};
				};
			};
			buildConfigurationList = D3D5D52F29D2B66F00AB8B63 /* Build configuration list for PBXProject "BigBangTheoryApp" */;
			compatibilityVersion = "Xcode 14.0";
			developmentRegion = en;
			hasScannedForEncodings = 0;
			knownRegions = (
				en,
				Base,
			);
			mainGroup = D3D5D52B29D2B66F00AB8B63;
			productRefGroup = D3D5D53529D2B66F00AB8B63 /* Products */;
			projectDirPath = "";
			projectRoot = "";
			targets = (
				D3D5D53329D2B66F00AB8B63 /* BigBangTheoryApp */,
			);
		};
/* End PBXProject section */

/* Begin PBXResourcesBuildPhase section */
		D3D5D53229D2B66F00AB8B63 /* Resources */ = {
			isa = PBXResourcesBuildPhase;
			buildActionMask = 2147483647;
			files = (
				D3D5D54429D2B67000AB8B63 /* LaunchScreen.storyboard in Resources */,
				D3D5D54129D2B67000AB8B63 /* Assets.xcassets in Resources */,
				D3D5D55C29D2C3D200AB8B63 /* bigbang.json in Resources */,
				D3D5D53F29D2B66F00AB8B63 /* Main.storyboard in Resources */,
				D3A7323129D5A84800121F48 /* SectionCell.storyboard in Resources */,
			);
			runOnlyForDeploymentPostprocessing = 0;
		};
/* End PBXResourcesBuildPhase section */

/* Begin PBXSourcesBuildPhase section */
		D3D5D53029D2B66F00AB8B63 /* Sources */ = {
			isa = PBXSourcesBuildPhase;
			buildActionMask = 2147483647;
			files = (
				D3D5D55429D2BA2900AB8B63 /* MainTableViewController.swift in Sources */,
				D3D5D56729D310E900AB8B63 /* EpisodesDiffableDataSource.swift in Sources */,
				D3D5D55029D2B78C00AB8B63 /* EpisodesModel.swift in Sources */,
				D3D5D55E29D2C53200AB8B63 /* EpisodesViewCell.swift in Sources */,
				D3D5D56529D3052900AB8B63 /* ViewLogic.swift in Sources */,
				D3D5D56229D2C6B800AB8B63 /* ModelPersistence.swift in Sources */,
				D3D5D53829D2B66F00AB8B63 /* AppDelegate.swift in Sources */,
				D3D5D56029D2C6AD00AB8B63 /* ModelLogic.swift in Sources */,
				D3D5D53A29D2B66F00AB8B63 /* SceneDelegate.swift in Sources */,
			);
			runOnlyForDeploymentPostprocessing = 0;
		};
/* End PBXSourcesBuildPhase section */

/* Begin PBXVariantGroup section */
		D3D5D53D29D2B66F00AB8B63 /* Main.storyboard */ = {
			isa = PBXVariantGroup;
			children = (
				D3D5D53E29D2B66F00AB8B63 /* Base */,
			);
			name = Main.storyboard;
			sourceTree = "<group>";
		};
		D3D5D54229D2B67000AB8B63 /* LaunchScreen.storyboard */ = {
			isa = PBXVariantGroup;
			children = (
				D3D5D54329D2B67000AB8B63 /* Base */,
			);
			name = LaunchScreen.storyboard;
			sourceTree = "<group>";
		};
/* End PBXVariantGroup section */

/* Begin XCBuildConfiguration section */
		D3D5D54629D2B67000AB8B63 /* Debug */ = {
			isa = XCBuildConfiguration;
			buildSettings = {
				ALWAYS_SEARCH_USER_PATHS = NO;
				CLANG_ANALYZER_NONNULL = YES;
				CLANG_ANALYZER_NUMBER_OBJECT_CONVERSION = YES_AGGRESSIVE;
				CLANG_CXX_LANGUAGE_STANDARD = "gnu++20";
				CLANG_ENABLE_MODULES = YES;
				CLANG_ENABLE_OBJC_ARC = YES;
				CLANG_ENABLE_OBJC_WEAK = YES;
				CLANG_WARN_BLOCK_CAPTURE_AUTORELEASING = YES;
				CLANG_WARN_BOOL_CONVERSION = YES;
				CLANG_WARN_COMMA = YES;
				CLANG_WARN_CONSTANT_CONVERSION = YES;
				CLANG_WARN_DEPRECATED_OBJC_IMPLEMENTATIONS = YES;
				CLANG_WARN_DIRECT_OBJC_ISA_USAGE = YES_ERROR;
				CLANG_WARN_DOCUMENTATION_COMMENTS = YES;
				CLANG_WARN_EMPTY_BODY = YES;
				CLANG_WARN_ENUM_CONVERSION = YES;
				CLANG_WARN_INFINITE_RECURSION = YES;
				CLANG_WARN_INT_CONVERSION = YES;
				CLANG_WARN_NON_LITERAL_NULL_CONVERSION = YES;
				CLANG_WARN_OBJC_IMPLICIT_RETAIN_SELF = YES;
				CLANG_WARN_OBJC_LITERAL_CONVERSION = YES;
				CLANG_WARN_OBJC_ROOT_CLASS = YES_ERROR;
				CLANG_WARN_QUOTED_INCLUDE_IN_FRAMEWORK_HEADER = YES;
				CLANG_WARN_RANGE_LOOP_ANALYSIS = YES;
				CLANG_WARN_STRICT_PROTOTYPES = YES;
				CLANG_WARN_SUSPICIOUS_MOVE = YES;
				CLANG_WARN_UNGUARDED_AVAILABILITY = YES_AGGRESSIVE;
				CLANG_WARN_UNREACHABLE_CODE = YES;
				CLANG_WARN__DUPLICATE_METHOD_MATCH = YES;
				COPY_PHASE_STRIP = NO;
				DEBUG_INFORMATION_FORMAT = dwarf;
				ENABLE_STRICT_OBJC_MSGSEND = YES;
				ENABLE_TESTABILITY = YES;
				GCC_C_LANGUAGE_STANDARD = gnu11;
				GCC_DYNAMIC_NO_PIC = NO;
				GCC_NO_COMMON_BLOCKS = YES;
				GCC_OPTIMIZATION_LEVEL = 0;
				GCC_PREPROCESSOR_DEFINITIONS = (
					"DEBUG=1",
					"$(inherited)",
				);
				GCC_WARN_64_TO_32_BIT_CONVERSION = YES;
				GCC_WARN_ABOUT_RETURN_TYPE = YES_ERROR;
				GCC_WARN_UNDECLARED_SELECTOR = YES;
				GCC_WARN_UNINITIALIZED_AUTOS = YES_AGGRESSIVE;
				GCC_WARN_UNUSED_FUNCTION = YES;
				GCC_WARN_UNUSED_VARIABLE = YES;
				IPHONEOS_DEPLOYMENT_TARGET = 16.4;
				MTL_ENABLE_DEBUG_INFO = INCLUDE_SOURCE;
				MTL_FAST_MATH = YES;
				ONLY_ACTIVE_ARCH = YES;
				SDKROOT = iphoneos;
				SWIFT_ACTIVE_COMPILATION_CONDITIONS = DEBUG;
				SWIFT_OPTIMIZATION_LEVEL = "-Onone";
			};
			name = Debug;
		};
		D3D5D54729D2B67000AB8B63 /* Release */ = {
			isa = XCBuildConfiguration;
			buildSettings = {
				ALWAYS_SEARCH_USER_PATHS = NO;
				CLANG_ANALYZER_NONNULL = YES;
				CLANG_ANALYZER_NUMBER_OBJECT_CONVERSION = YES_AGGRESSIVE;
				CLANG_CXX_LANGUAGE_STANDARD = "gnu++20";
				CLANG_ENABLE_MODULES = YES;
				CLANG_ENABLE_OBJC_ARC = YES;
				CLANG_ENABLE_OBJC_WEAK = YES;
				CLANG_WARN_BLOCK_CAPTURE_AUTORELEASING = YES;
				CLANG_WARN_BOOL_CONVERSION = YES;
				CLANG_WARN_COMMA = YES;
				CLANG_WARN_CONSTANT_CONVERSION = YES;
				CLANG_WARN_DEPRECATED_OBJC_IMPLEMENTATIONS = YES;
				CLANG_WARN_DIRECT_OBJC_ISA_USAGE = YES_ERROR;
				CLANG_WARN_DOCUMENTATION_COMMENTS = YES;
				CLANG_WARN_EMPTY_BODY = YES;
				CLANG_WARN_ENUM_CONVERSION = YES;
				CLANG_WARN_INFINITE_RECURSION = YES;
				CLANG_WARN_INT_CONVERSION = YES;
				CLANG_WARN_NON_LITERAL_NULL_CONVERSION = YES;
				CLANG_WARN_OBJC_IMPLICIT_RETAIN_SELF = YES;
				CLANG_WARN_OBJC_LITERAL_CONVERSION = YES;
				CLANG_WARN_OBJC_ROOT_CLASS = YES_ERROR;
				CLANG_WARN_QUOTED_INCLUDE_IN_FRAMEWORK_HEADER = YES;
				CLANG_WARN_RANGE_LOOP_ANALYSIS = YES;
				CLANG_WARN_STRICT_PROTOTYPES = YES;
				CLANG_WARN_SUSPICIOUS_MOVE = YES;
				CLANG_WARN_UNGUARDED_AVAILABILITY = YES_AGGRESSIVE;
				CLANG_WARN_UNREACHABLE_CODE = YES;
				CLANG_WARN__DUPLICATE_METHOD_MATCH = YES;
				COPY_PHASE_STRIP = NO;
				DEBUG_INFORMATION_FORMAT = "dwarf-with-dsym";
				ENABLE_NS_ASSERTIONS = NO;
				ENABLE_STRICT_OBJC_MSGSEND = YES;
				GCC_C_LANGUAGE_STANDARD = gnu11;
				GCC_NO_COMMON_BLOCKS = YES;
				GCC_WARN_64_TO_32_BIT_CONVERSION = YES;
				GCC_WARN_ABOUT_RETURN_TYPE = YES_ERROR;
				GCC_WARN_UNDECLARED_SELECTOR = YES;
				GCC_WARN_UNINITIALIZED_AUTOS = YES_AGGRESSIVE;
				GCC_WARN_UNUSED_FUNCTION = YES;
				GCC_WARN_UNUSED_VARIABLE = YES;
				IPHONEOS_DEPLOYMENT_TARGET = 16.4;
				MTL_ENABLE_DEBUG_INFO = NO;
				MTL_FAST_MATH = YES;
				SDKROOT = iphoneos;
				SWIFT_COMPILATION_MODE = wholemodule;
				SWIFT_OPTIMIZATION_LEVEL = "-O";
				VALIDATE_PRODUCT = YES;
			};
			name = Release;
		};
		D3D5D54929D2B67000AB8B63 /* Debug */ = {
			isa = XCBuildConfiguration;
			buildSettings = {
				ASSETCATALOG_COMPILER_APPICON_NAME = AppIcon;
				ASSETCATALOG_COMPILER_GLOBAL_ACCENT_COLOR_NAME = AccentColor;
				CODE_SIGN_STYLE = Automatic;
				CURRENT_PROJECT_VERSION = 1;
				DEVELOPMENT_TEAM = BK28MGPK85;
				GENERATE_INFOPLIST_FILE = YES;
				INFOPLIST_FILE = BigBangTheoryApp/Info.plist;
				INFOPLIST_KEY_UIApplicationSupportsIndirectInputEvents = YES;
				INFOPLIST_KEY_UILaunchStoryboardName = LaunchScreen;
				INFOPLIST_KEY_UIMainStoryboardFile = Main;
				INFOPLIST_KEY_UISupportedInterfaceOrientations_iPad = "UIInterfaceOrientationPortrait UIInterfaceOrientationPortraitUpsideDown UIInterfaceOrientationLandscapeLeft UIInterfaceOrientationLandscapeRight";
				INFOPLIST_KEY_UISupportedInterfaceOrientations_iPhone = "UIInterfaceOrientationPortrait UIInterfaceOrientationLandscapeLeft UIInterfaceOrientationLandscapeRight";
				LD_RUNPATH_SEARCH_PATHS = (
					"$(inherited)",
					"@executable_path/Frameworks",
				);
				MARKETING_VERSION = 1.0;
				PRODUCT_BUNDLE_IDENTIFIER = com.monicagalan.BigBangTheoryApp;
				PRODUCT_NAME = "$(TARGET_NAME)";
				SWIFT_EMIT_LOC_STRINGS = YES;
				SWIFT_VERSION = 5.0;
				TARGETED_DEVICE_FAMILY = "1,2";
			};
			name = Debug;
		};
		D3D5D54A29D2B67000AB8B63 /* Release */ = {
			isa = XCBuildConfiguration;
			buildSettings = {
				ASSETCATALOG_COMPILER_APPICON_NAME = AppIcon;
				ASSETCATALOG_COMPILER_GLOBAL_ACCENT_COLOR_NAME = AccentColor;
				CODE_SIGN_STYLE = Automatic;
				CURRENT_PROJECT_VERSION = 1;
				DEVELOPMENT_TEAM = BK28MGPK85;
				GENERATE_INFOPLIST_FILE = YES;
				INFOPLIST_FILE = BigBangTheoryApp/Info.plist;
				INFOPLIST_KEY_UIApplicationSupportsIndirectInputEvents = YES;
				INFOPLIST_KEY_UILaunchStoryboardName = LaunchScreen;
				INFOPLIST_KEY_UIMainStoryboardFile = Main;
				INFOPLIST_KEY_UISupportedInterfaceOrientations_iPad = "UIInterfaceOrientationPortrait UIInterfaceOrientationPortraitUpsideDown UIInterfaceOrientationLandscapeLeft UIInterfaceOrientationLandscapeRight";
				INFOPLIST_KEY_UISupportedInterfaceOrientations_iPhone = "UIInterfaceOrientationPortrait UIInterfaceOrientationLandscapeLeft UIInterfaceOrientationLandscapeRight";
				LD_RUNPATH_SEARCH_PATHS = (
					"$(inherited)",
					"@executable_path/Frameworks",
				);
				MARKETING_VERSION = 1.0;
				PRODUCT_BUNDLE_IDENTIFIER = com.monicagalan.BigBangTheoryApp;
				PRODUCT_NAME = "$(TARGET_NAME)";
				SWIFT_EMIT_LOC_STRINGS = YES;
				SWIFT_VERSION = 5.0;
				TARGETED_DEVICE_FAMILY = "1,2";
			};
			name = Release;
		};
/* End XCBuildConfiguration section */

/* Begin XCConfigurationList section */
		D3D5D52F29D2B66F00AB8B63 /* Build configuration list for PBXProject "BigBangTheoryApp" */ = {
			isa = XCConfigurationList;
			buildConfigurations = (
				D3D5D54629D2B67000AB8B63 /* Debug */,
				D3D5D54729D2B67000AB8B63 /* Release */,
			);
			defaultConfigurationIsVisible = 0;
			defaultConfigurationName = Release;
		};
		D3D5D54829D2B67000AB8B63 /* Build configuration list for PBXNativeTarget "BigBangTheoryApp" */ = {
			isa = XCConfigurationList;
			buildConfigurations = (
				D3D5D54929D2B67000AB8B63 /* Debug */,
				D3D5D54A29D2B67000AB8B63 /* Release */,
			);
			defaultConfigurationIsVisible = 0;
			defaultConfigurationName = Release;
		};
/* End XCConfigurationList section */
	};
	rootObject = D3D5D52C29D2B66F00AB8B63 /* Project object */;
}
